
Microsoft Visual Studio Solution File, Format Version 12.00
# Visual Studio 15
VisualStudioVersion = 15.0.28307.572
MinimumVisualStudioVersion = 10.0.40219.1
Project("{FAE04EC0-301F-11D3-BF4B-00C04F79EFBC}") = "CQRS.Core", "src\CQRS.Core\CQRS.Core.csproj", "{B3D4F6C6-C4FD-40AF-A8DC-247FA7FD6165}"
EndProject
Project("{FAE04EC0-301F-11D3-BF4B-00C04F79EFBC}") = "CQRS.Application", "src\CQRS.Application\CQRS.Application.csproj", "{C2FAF889-C99D-4F23-9AFA-BB2303B54399}"
EndProject
Project("{FAE04EC0-301F-11D3-BF4B-00C04F79EFBC}") = "CQRS.Persistence", "src\CQRS.Persistence\CQRS.Persistence.csproj", "{EEBA9177-2072-4BCA-BD53-3529170610E5}"
EndProject
Project("{FAE04EC0-301F-11D3-BF4B-00C04F79EFBC}") = "CQRS.Api", "src\CQRS.Api\CQRS.Api.csproj", "{20EC6A37-41CE-455B-B67B-5979D6A243CF}"
EndProject
Global
	GlobalSection(SolutionConfigurationPlatforms) = preSolution
		Debug|Any CPU = Debug|Any CPU
		Release|Any CPU = Release|Any CPU
	EndGlobalSection
	GlobalSection(ProjectConfigurationPlatforms) = postSolution
		{B3D4F6C6-C4FD-40AF-A8DC-247FA7FD6165}.Debug|Any CPU.ActiveCfg = Debug|Any CPU
		{B3D4F6C6-C4FD-40AF-A8DC-247FA7FD6165}.Debug|Any CPU.Build.0 = Debug|Any CPU
		{B3D4F6C6-C4FD-40AF-A8DC-247FA7FD6165}.Release|Any CPU.ActiveCfg = Release|Any CPU
		{B3D4F6C6-C4FD-40AF-A8DC-247FA7FD6165}.Release|Any CPU.Build.0 = Release|Any CPU
		{C2FAF889-C99D-4F23-9AFA-BB2303B54399}.Debug|Any CPU.ActiveCfg = Debug|Any CPU
		{C2FAF889-C99D-4F23-9AFA-BB2303B54399}.Debug|Any CPU.Build.0 = Debug|Any CPU
		{C2FAF889-C99D-4F23-9AFA-BB2303B54399}.Release|Any CPU.ActiveCfg = Release|Any CPU
		{C2FAF889-C99D-4F23-9AFA-BB2303B54399}.Release|Any CPU.Build.0 = Release|Any CPU
		{EEBA9177-2072-4BCA-BD53-3529170610E5}.Debug|Any CPU.ActiveCfg = Debug|Any CPU
		{EEBA9177-2072-4BCA-BD53-3529170610E5}.Debug|Any CPU.Build.0 = Debug|Any CPU
		{EEBA9177-2072-4BCA-BD53-3529170610E5}.Release|Any CPU.ActiveCfg = Release|Any CPU
		{EEBA9177-2072-4BCA-BD53-3529170610E5}.Release|Any CPU.Build.0 = Release|Any CPU
		{20EC6A37-41CE-455B-B67B-5979D6A243CF}.Debug|Any CPU.ActiveCfg = Debug|Any CPU
		{20EC6A37-41CE-455B-B67B-5979D6A243CF}.Debug|Any CPU.Build.0 = Debug|Any CPU
		{20EC6A37-41CE-455B-B67B-5979D6A243CF}.Release|Any CPU.ActiveCfg = Release|Any CPU
		{20EC6A37-41CE-455B-B67B-5979D6A243CF}.Release|Any CPU.Build.0 = Release|Any CPU
	EndGlobalSection
	GlobalSection(SolutionProperties) = preSolution
		HideSolutionNode = FALSE
	EndGlobalSection
	GlobalSection(ExtensibilityGlobals) = postSolution
		SolutionGuid = {C3AD7B76-4541-4A4C-B76B-1312013A4315}
	EndGlobalSection
EndGlobal
